{
  "requires": true,
  "lockfileVersion": 1,
  "dependencies": {
    "solidity-mmr": {
      "version": "1.0.0",
      "resolved": "https://registry.npmjs.org/solidity-mmr/-/solidity-mmr-1.0.0.tgz",
      "integrity": "sha512-L/oOzLYkVCubFL5Emmm0gsDm13VjU4/+iJr5cngLUcgmtZJ42vpmg/+WwIvBXeURfUtPRoCrujVXRwHsx3UQAQ=="
    }
  }
}
